# This file was autogenerated by Stack.
# You should not edit this file by hand.
# For more information, please see the documentation at:
#   https://docs.haskellstack.org/en/stable/lock_files

packages:
- completed:
    hackage: hasql-migration-0.3.0@sha256:6ca4cc6c89834bb79eb9f15b504774043b5b3994336bd86a9d79e59da6d54963,2799
    pantry-tree:
      size: 589
      sha256: 55e3dfca36ffe0d11e1c42bce446e3cc1d5b9a4983e196ec99c650c8b4268845
  original:
    hackage: hasql-migration-0.3.0@sha256:6ca4cc6c89834bb79eb9f15b504774043b5b3994336bd86a9d79e59da6d54963,2799
- completed:
    hackage: timespan-0.4.0.0@sha256:0652f1328e43a9b62345fce29370d8a263f1fdfa71a52e3771743325beaa562d,884
    pantry-tree:
      size: 314
      sha256: 74331c19fe227c1d9d2d5de1f085ce97b939c1b2080157dbf74f55098dd9be59
  original:
    hackage: timespan-0.4.0.0@sha256:0652f1328e43a9b62345fce29370d8a263f1fdfa71a52e3771743325beaa562d,884
snapshots:
- completed:
    size: 567241
    url: https://raw.githubusercontent.com/commercialhaskell/stackage-snapshots/master/lts/17/10.yaml
    sha256: 321b3b9f0c7f76994b39e0dabafdc76478274b4ff74cc5e43d410897a335ad3b
  original:
    url: https://raw.githubusercontent.com/commercialhaskell/stackage-snapshots/master/lts/17/10.yaml
